// !$*UTF8*$!
{
	archiveVersion = 1;
	classes = {
	};
	objectVersion = 46;
	objects = {

/* Begin PBXBuildFile section */
		0A1B289FA3E0714DF337E1EA /* Pods_TournamentBrackets.framework in Frameworks */ = {isa = PBXBuildFile; fileRef = B4FDAADB791ED9A3AAE80D50 /* Pods_TournamentBrackets.framework */; };
		458147B066E5D99DCB415090 /* Pods_TournamentBracketsUITests.framework in Frameworks */ = {isa = PBXBuildFile; fileRef = F675DA00476FB0F3FDD3C2AE /* Pods_TournamentBracketsUITests.framework */; };
		55B0A11723D80C6FC90509D7 /* Pods_TournamentBracketsTests.framework in Frameworks */ = {isa = PBXBuildFile; fileRef = ACB6CC3E3E63FC7F37C1098F /* Pods_TournamentBracketsTests.framework */; };
		770080B01CC4052600EE04E2 /* TestScheduler.swift in Sources */ = {isa = PBXBuildFile; fileRef = 770080AF1CC4052600EE04E2 /* TestScheduler.swift */; };
		771D5B4F1CFF9A0C00FF46B3 /* Pods-acknowledgements.plist in Resources */ = {isa = PBXBuildFile; fileRef = 771D5B4E1CFF9A0C00FF46B3 /* Pods-acknowledgements.plist */; };
		771D5B511CFF9A7200FF46B3 /* TBAcknowledgementsViewController.swift in Sources */ = {isa = PBXBuildFile; fileRef = 771D5B501CFF9A7200FF46B3 /* TBAcknowledgementsViewController.swift */; };
		771E19631CC27DEF00125F9E /* Scheduler.swift in Sources */ = {isa = PBXBuildFile; fileRef = 771E19621CC27DEF00125F9E /* Scheduler.swift */; };
		77225BAA1CEB7912006D0C2B /* GroupDetailViewController.swift in Sources */ = {isa = PBXBuildFile; fileRef = 77225BA91CEB7912006D0C2B /* GroupDetailViewController.swift */; };
		77225BAC1CEB7F53006D0C2B /* GroupDetailViewModel.swift in Sources */ = {isa = PBXBuildFile; fileRef = 77225BAB1CEB7F53006D0C2B /* GroupDetailViewModel.swift */; };
		77225BAE1CEB8706006D0C2B /* GameListViewModel.swift in Sources */ = {isa = PBXBuildFile; fileRef = 77225BAD1CEB8706006D0C2B /* GameListViewModel.swift */; };
		773C28721CEF187000E30678 /* String+Substring.swift in Sources */ = {isa = PBXBuildFile; fileRef = 773C28711CEF187000E30678 /* String+Substring.swift */; };
		7766D8401CD102C800DA3FA1 /* Array+Unique.swift in Sources */ = {isa = PBXBuildFile; fileRef = 7766D83F1CD102C800DA3FA1 /* Array+Unique.swift */; };
		7766D8421CD1216900DA3FA1 /* Test_01SchedulerSpec_RoundRobin.swift in Sources */ = {isa = PBXBuildFile; fileRef = 7766D8411CD1216900DA3FA1 /* Test_01SchedulerSpec_RoundRobin.swift */; };
		7766D8441CD1227B00DA3FA1 /* Test_02SchedulerSpec_RoundRobinDoubles.swift in Sources */ = {isa = PBXBuildFile; fileRef = 7766D8431CD1227B00DA3FA1 /* Test_02SchedulerSpec_RoundRobinDoubles.swift */; };
		7766D8461CD122B000DA3FA1 /* Test_03SchedulerSpec_SingleElimination.swift in Sources */ = {isa = PBXBuildFile; fileRef = 7766D8451CD122B000DA3FA1 /* Test_03SchedulerSpec_SingleElimination.swift */; };
		7766D8481CD122DD00DA3FA1 /* Test_04SchedulerSpec_DoubleElimination.swift in Sources */ = {isa = PBXBuildFile; fileRef = 7766D8471CD122DD00DA3FA1 /* Test_04SchedulerSpec_DoubleElimination.swift */; };
		7766D84B1CD2435F00DA3FA1 /* Tournament.swift in Sources */ = {isa = PBXBuildFile; fileRef = 7766D84A1CD2435F00DA3FA1 /* Tournament.swift */; };
		7766D8521CD3A44400DA3FA1 /* Group.swift in Sources */ = {isa = PBXBuildFile; fileRef = 7766D8511CD3A44400DA3FA1 /* Group.swift */; };
		7766D8541CD41AEF00DA3FA1 /* TournamentListViewController.swift in Sources */ = {isa = PBXBuildFile; fileRef = 7766D8531CD41AEF00DA3FA1 /* TournamentListViewController.swift */; };
		7770C60E1CC0C290008C5A6B /* AppDelegate.swift in Sources */ = {isa = PBXBuildFile; fileRef = 7770C60D1CC0C290008C5A6B /* AppDelegate.swift */; };
		7770C6101CC0C290008C5A6B /* ViewController.swift in Sources */ = {isa = PBXBuildFile; fileRef = 7770C60F1CC0C290008C5A6B /* ViewController.swift */; };
		7770C6131CC0C290008C5A6B /* Main.storyboard in Resources */ = {isa = PBXBuildFile; fileRef = 7770C6111CC0C290008C5A6B /* Main.storyboard */; };
		7770C6151CC0C290008C5A6B /* Assets.xcassets in Resources */ = {isa = PBXBuildFile; fileRef = 7770C6141CC0C290008C5A6B /* Assets.xcassets */; };
		7770C6181CC0C290008C5A6B /* LaunchScreen.storyboard in Resources */ = {isa = PBXBuildFile; fileRef = 7770C6161CC0C290008C5A6B /* LaunchScreen.storyboard */; };
		7770C62E1CC0C290008C5A6B /* TournamentBracketsUITests.swift in Sources */ = {isa = PBXBuildFile; fileRef = 7770C62D1CC0C290008C5A6B /* TournamentBracketsUITests.swift */; };
		7772C68B1CF5A1B900E602A2 /* ChartPieViewController.swift in Sources */ = {isa = PBXBuildFile; fileRef = 7772C68A1CF5A1B900E602A2 /* ChartPieViewController.swift */; };
		7772C68D1CF5A1FC00E602A2 /* ChartHorizontalBarViewController.swift in Sources */ = {isa = PBXBuildFile; fileRef = 7772C68C1CF5A1FC00E602A2 /* ChartHorizontalBarViewController.swift */; };
		7772C68F1CF5AB4E00E602A2 /* ChartsViewController.swift in Sources */ = {isa = PBXBuildFile; fileRef = 7772C68E1CF5AB4E00E602A2 /* ChartsViewController.swift */; };
		7772C6911CF5AF6000E602A2 /* ChartsViewModel.swift in Sources */ = {isa = PBXBuildFile; fileRef = 7772C6901CF5AF6000E602A2 /* ChartsViewModel.swift */; };
		7772C6931CF5AFA000E602A2 /* ChartsPieViewModel.swift in Sources */ = {isa = PBXBuildFile; fileRef = 7772C6921CF5AFA000E602A2 /* ChartsPieViewModel.swift */; };
		7772C6951CF5AFDD00E602A2 /* ChartsHorizontalBarViewModel.swift in Sources */ = {isa = PBXBuildFile; fileRef = 7772C6941CF5AFDD00E602A2 /* ChartsHorizontalBarViewModel.swift */; };
		7772C6971CF5CD4000E602A2 /* TournamentChart.swift in Sources */ = {isa = PBXBuildFile; fileRef = 7772C6961CF5CD4000E602A2 /* TournamentChart.swift */; };
		7780D6251CE48DF10014F393 /* GameTree.swift in Sources */ = {isa = PBXBuildFile; fileRef = 7780D6241CE48DF10014F393 /* GameTree.swift */; };
		7780D6281CE5B10A0014F393 /* GameCell.xib in Resources */ = {isa = PBXBuildFile; fileRef = 7780D6271CE5B10A0014F393 /* GameCell.xib */; };
		7780D62A1CE5B6890014F393 /* GameCell.swift in Sources */ = {isa = PBXBuildFile; fileRef = 7780D6291CE5B6890014F393 /* GameCell.swift */; };
		7780D62C1CE62A9B0014F393 /* GameViewModel.swift in Sources */ = {isa = PBXBuildFile; fileRef = 7780D62B1CE62A9B0014F393 /* GameViewModel.swift */; };
		7780D62E1CE701D00014F393 /* Game+Prompts.swift in Sources */ = {isa = PBXBuildFile; fileRef = 7780D62D1CE701D00014F393 /* Game+Prompts.swift */; };
		77839A321CEE81800077FCBD /* UIColor+LoserBackgroundColor.swift in Sources */ = {isa = PBXBuildFile; fileRef = 77839A311CEE81800077FCBD /* UIColor+LoserBackgroundColor.swift */; };
		7793022E1CCFAFD000695321 /* Power.swift in Sources */ = {isa = PBXBuildFile; fileRef = 7793022D1CCFAFD000695321 /* Power.swift */; };
		779D0E131CFEDF240020D612 /* AppObject.swift in Sources */ = {isa = PBXBuildFile; fileRef = 779D0E121CFEDF240020D612 /* AppObject.swift */; };
		779D0E151CFEE5170020D612 /* RemoveAdvertsViewController.swift in Sources */ = {isa = PBXBuildFile; fileRef = 779D0E141CFEE5170020D612 /* RemoveAdvertsViewController.swift */; };
		779FFCA01CD6A8DD00D48800 /* GroupListViewController.swift in Sources */ = {isa = PBXBuildFile; fileRef = 779FFC9F1CD6A8DC00D48800 /* GroupListViewController.swift */; };
		779FFCA21CD7D3C600D48800 /* GroupSettingViewController.swift in Sources */ = {isa = PBXBuildFile; fileRef = 779FFCA11CD7D3C600D48800 /* GroupSettingViewController.swift */; };
		779FFCA41CD9480900D48800 /* ScheduleType.swift in Sources */ = {isa = PBXBuildFile; fileRef = 779FFCA31CD9480900D48800 /* ScheduleType.swift */; };
		779FFCA61CDA1F6700D48800 /* GroupSettingViewModel.swift in Sources */ = {isa = PBXBuildFile; fileRef = 779FFCA51CDA1F6700D48800 /* GroupSettingViewModel.swift */; };
		779FFCA91CDA4AEB00D48800 /* UISegmentedControl+Multiline.swift in Sources */ = {isa = PBXBuildFile; fileRef = 779FFCA81CDA4AEB00D48800 /* UISegmentedControl+Multiline.swift */; };
		779FFCAD1CDAB08100D48800 /* Team.swift in Sources */ = {isa = PBXBuildFile; fileRef = 779FFCAC1CDAB08100D48800 /* Team.swift */; };
		779FFCAF1CDAC48F00D48800 /* TeamCell.swift in Sources */ = {isa = PBXBuildFile; fileRef = 779FFCAE1CDAC48E00D48800 /* TeamCell.swift */; };
		77AA022E1CFFB4A900E6428F /* Rounded_Elegance.ttf in Resources */ = {isa = PBXBuildFile; fileRef = 77AA022D1CFFAECC00E6428F /* Rounded_Elegance.ttf */; };
		77AE56E71CE1DF32006CBF55 /* GameListViewController.swift in Sources */ = {isa = PBXBuildFile; fileRef = 77AE56E61CE1DF32006CBF55 /* GameListViewController.swift */; };
		77B845861CFE2FE900EFCC76 /* GoogleService-Info.plist in Resources */ = {isa = PBXBuildFile; fileRef = 77B845851CFE2FE900EFCC76 /* GoogleService-Info.plist */; };
		77D095D11CF1F986002F681E /* TeamStatsCell.swift in Sources */ = {isa = PBXBuildFile; fileRef = 77D095D01CF1F986002F681E /* TeamStatsCell.swift */; };
		77D095D31CF1FDCA002F681E /* TeamStatsListViewController.swift in Sources */ = {isa = PBXBuildFile; fileRef = 77D095D21CF1FDCA002F681E /* TeamStatsListViewController.swift */; };
		77D095D51CF2002A002F681E /* TeamStatsListViewModel.swift in Sources */ = {isa = PBXBuildFile; fileRef = 77D095D41CF2002A002F681E /* TeamStatsListViewModel.swift */; };
		77D095D71CF20321002F681E /* TeamStats.swift in Sources */ = {isa = PBXBuildFile; fileRef = 77D095D61CF20321002F681E /* TeamStats.swift */; };
		77D095D91CF20593002F681E /* TeamStatsViewModel.swift in Sources */ = {isa = PBXBuildFile; fileRef = 77D095D81CF20593002F681E /* TeamStatsViewModel.swift */; };
		77D2072F1CE119F5009139DB /* UITextField+DoneToolbar.swift in Sources */ = {isa = PBXBuildFile; fileRef = 77D2072E1CE119F5009139DB /* UITextField+DoneToolbar.swift */; };
		77D3D65E1CC3BFA6001EF359 /* Game.swift in Sources */ = {isa = PBXBuildFile; fileRef = 77D3D65D1CC3BFA6001EF359 /* Game.swift */; };
		77E035C01CEE0B2200F6B170 /* GroupTabBarController.swift in Sources */ = {isa = PBXBuildFile; fileRef = 77E035BF1CEE0B2200F6B170 /* GroupTabBarController.swift */; };
		77E035C21CEE0DD600F6B170 /* GroupTabViewModel.swift in Sources */ = {isa = PBXBuildFile; fileRef = 77E035C11CEE0DD600F6B170 /* GroupTabViewModel.swift */; };
		77E54B701CF391CA00A0E393 /* TeamStatsHeaderView.xib in Resources */ = {isa = PBXBuildFile; fileRef = 77E54B6F1CF391CA00A0E393 /* TeamStatsHeaderView.xib */; };
		77E54B721CF39B7F00A0E393 /* TeamStatsHeaderView.swift in Sources */ = {isa = PBXBuildFile; fileRef = 77E54B711CF39B7F00A0E393 /* TeamStatsHeaderView.swift */; };
		77F987FF1CF7713B00DDC3D4 /* TeamsImportListViewController.swift in Sources */ = {isa = PBXBuildFile; fileRef = 77F987FE1CF7713B00DDC3D4 /* TeamsImportListViewController.swift */; };
		77F988011CF7793E00DDC3D4 /* TeamsImportListViewModel.swift in Sources */ = {isa = PBXBuildFile; fileRef = 77F988001CF7793E00DDC3D4 /* TeamsImportListViewModel.swift */; };
		77F988031CF77BD300DDC3D4 /* TeamsImportItemCell.swift in Sources */ = {isa = PBXBuildFile; fileRef = 77F988021CF77BD300DDC3D4 /* TeamsImportItemCell.swift */; };
		77F988051CF77D1C00DDC3D4 /* TeamsImportItemViewModel.swift in Sources */ = {isa = PBXBuildFile; fileRef = 77F988041CF77D1C00DDC3D4 /* TeamsImportItemViewModel.swift */; };
/* End PBXBuildFile section */

/* Begin PBXContainerItemProxy section */
		7770C61F1CC0C290008C5A6B /* PBXContainerItemProxy */ = {
			isa = PBXContainerItemProxy;
			containerPortal = 7770C6021CC0C28F008C5A6B /* Project object */;
			proxyType = 1;
			remoteGlobalIDString = 7770C6091CC0C28F008C5A6B;
			remoteInfo = TournamentBrackets;
		};
		7770C62A1CC0C290008C5A6B /* PBXContainerItemProxy */ = {
			isa = PBXContainerItemProxy;
			containerPortal = 7770C6021CC0C28F008C5A6B /* Project object */;
			proxyType = 1;
			remoteGlobalIDString = 7770C6091CC0C28F008C5A6B;
			remoteInfo = TournamentBrackets;
		};
/* End PBXContainerItemProxy section */

/* Begin PBXFileReference section */
		250A9228646B05D20F9FFDD2 /* Pods-TournamentBracketsUITests.debug.xcconfig */ = {isa = PBXFileReference; includeInIndex = 1; lastKnownFileType = text.xcconfig; name = "Pods-TournamentBracketsUITests.debug.xcconfig"; path = "Pods/Target Support Files/Pods-TournamentBracketsUITests/Pods-TournamentBracketsUITests.debug.xcconfig"; sourceTree = "<group>"; };
		31CF82C10F534108DCCC4EF0 /* Pods-TournamentBrackets.debug.xcconfig */ = {isa = PBXFileReference; includeInIndex = 1; lastKnownFileType = text.xcconfig; name = "Pods-TournamentBrackets.debug.xcconfig"; path = "Pods/Target Support Files/Pods-TournamentBrackets/Pods-TournamentBrackets.debug.xcconfig"; sourceTree = "<group>"; };
		770080AF1CC4052600EE04E2 /* TestScheduler.swift */ = {isa = PBXFileReference; fileEncoding = 4; lastKnownFileType = sourcecode.swift; path = TestScheduler.swift; sourceTree = "<group>"; };
		771D5B4E1CFF9A0C00FF46B3 /* Pods-acknowledgements.plist */ = {isa = PBXFileReference; fileEncoding = 4; lastKnownFileType = text.plist.xml; path = "Pods-acknowledgements.plist"; sourceTree = "<group>"; };
		771D5B501CFF9A7200FF46B3 /* TBAcknowledgementsViewController.swift */ = {isa = PBXFileReference; fileEncoding = 4; lastKnownFileType = sourcecode.swift; path = TBAcknowledgementsViewController.swift; sourceTree = "<group>"; };
		771E19621CC27DEF00125F9E /* Scheduler.swift */ = {isa = PBXFileReference; fileEncoding = 4; lastKnownFileType = sourcecode.swift; path = Scheduler.swift; sourceTree = "<group>"; };
		77225BA91CEB7912006D0C2B /* GroupDetailViewController.swift */ = {isa = PBXFileReference; fileEncoding = 4; lastKnownFileType = sourcecode.swift; path = GroupDetailViewController.swift; sourceTree = "<group>"; };
		77225BAB1CEB7F53006D0C2B /* GroupDetailViewModel.swift */ = {isa = PBXFileReference; fileEncoding = 4; lastKnownFileType = sourcecode.swift; path = GroupDetailViewModel.swift; sourceTree = "<group>"; };
		77225BAD1CEB8706006D0C2B /* GameListViewModel.swift */ = {isa = PBXFileReference; fileEncoding = 4; lastKnownFileType = sourcecode.swift; path = GameListViewModel.swift; sourceTree = "<group>"; };
		773C28711CEF187000E30678 /* String+Substring.swift */ = {isa = PBXFileReference; fileEncoding = 4; lastKnownFileType = sourcecode.swift; path = "String+Substring.swift"; sourceTree = "<group>"; };
		7766D83F1CD102C800DA3FA1 /* Array+Unique.swift */ = {isa = PBXFileReference; fileEncoding = 4; lastKnownFileType = sourcecode.swift; path = "Array+Unique.swift"; sourceTree = "<group>"; };
		7766D8411CD1216900DA3FA1 /* Test_01SchedulerSpec_RoundRobin.swift */ = {isa = PBXFileReference; fileEncoding = 4; lastKnownFileType = sourcecode.swift; path = Test_01SchedulerSpec_RoundRobin.swift; sourceTree = "<group>"; };
		7766D8431CD1227B00DA3FA1 /* Test_02SchedulerSpec_RoundRobinDoubles.swift */ = {isa = PBXFileReference; fileEncoding = 4; lastKnownFileType = sourcecode.swift; path = Test_02SchedulerSpec_RoundRobinDoubles.swift; sourceTree = "<group>"; };
		7766D8451CD122B000DA3FA1 /* Test_03SchedulerSpec_SingleElimination.swift */ = {isa = PBXFileReference; fileEncoding = 4; lastKnownFileType = sourcecode.swift; path = Test_03SchedulerSpec_SingleElimination.swift; sourceTree = "<group>"; };
		7766D8471CD122DD00DA3FA1 /* Test_04SchedulerSpec_DoubleElimination.swift */ = {isa = PBXFileReference; fileEncoding = 4; lastKnownFileType = sourcecode.swift; path = Test_04SchedulerSpec_DoubleElimination.swift; sourceTree = "<group>"; };
		7766D84A1CD2435F00DA3FA1 /* Tournament.swift */ = {isa = PBXFileReference; fileEncoding = 4; lastKnownFileType = sourcecode.swift; path = Tournament.swift; sourceTree = "<group>"; };
		7766D8511CD3A44400DA3FA1 /* Group.swift */ = {isa = PBXFileReference; fileEncoding = 4; lastKnownFileType = sourcecode.swift; path = Group.swift; sourceTree = "<group>"; };
		7766D8531CD41AEF00DA3FA1 /* TournamentListViewController.swift */ = {isa = PBXFileReference; fileEncoding = 4; lastKnownFileType = sourcecode.swift; path = TournamentListViewController.swift; sourceTree = "<group>"; };
		7770C60A1CC0C290008C5A6B /* TournamentBrackets.app */ = {isa = PBXFileReference; explicitFileType = wrapper.application; includeInIndex = 0; path = TournamentBrackets.app; sourceTree = BUILT_PRODUCTS_DIR; };
		7770C60D1CC0C290008C5A6B /* AppDelegate.swift */ = {isa = PBXFileReference; lastKnownFileType = sourcecode.swift; path = AppDelegate.swift; sourceTree = "<group>"; };
		7770C60F1CC0C290008C5A6B /* ViewController.swift */ = {isa = PBXFileReference; lastKnownFileType = sourcecode.swift; path = ViewController.swift; sourceTree = "<group>"; };
		7770C6121CC0C290008C5A6B /* Base */ = {isa = PBXFileReference; lastKnownFileType = file.storyboard; name = Base; path = Base.lproj/Main.storyboard; sourceTree = "<group>"; };
		7770C6141CC0C290008C5A6B /* Assets.xcassets */ = {isa = PBXFileReference; lastKnownFileType = folder.assetcatalog; path = Assets.xcassets; sourceTree = "<group>"; };
		7770C6171CC0C290008C5A6B /* Base */ = {isa = PBXFileReference; lastKnownFileType = file.storyboard; name = Base; path = Base.lproj/LaunchScreen.storyboard; sourceTree = "<group>"; };
		7770C6191CC0C290008C5A6B /* Info.plist */ = {isa = PBXFileReference; lastKnownFileType = text.plist.xml; path = Info.plist; sourceTree = "<group>"; };
		7770C61E1CC0C290008C5A6B /* TournamentBracketsTests.xctest */ = {isa = PBXFileReference; explicitFileType = wrapper.cfbundle; includeInIndex = 0; path = TournamentBracketsTests.xctest; sourceTree = BUILT_PRODUCTS_DIR; };
		7770C6241CC0C290008C5A6B /* Info.plist */ = {isa = PBXFileReference; lastKnownFileType = text.plist.xml; path = Info.plist; sourceTree = "<group>"; };
		7770C6291CC0C290008C5A6B /* TournamentBracketsUITests.xctest */ = {isa = PBXFileReference; explicitFileType = wrapper.cfbundle; includeInIndex = 0; path = TournamentBracketsUITests.xctest; sourceTree = BUILT_PRODUCTS_DIR; };
		7770C62D1CC0C290008C5A6B /* TournamentBracketsUITests.swift */ = {isa = PBXFileReference; lastKnownFileType = sourcecode.swift; path = TournamentBracketsUITests.swift; sourceTree = "<group>"; };
		7770C62F1CC0C290008C5A6B /* Info.plist */ = {isa = PBXFileReference; lastKnownFileType = text.plist.xml; path = Info.plist; sourceTree = "<group>"; };
		7772C68A1CF5A1B900E602A2 /* ChartPieViewController.swift */ = {isa = PBXFileReference; fileEncoding = 4; lastKnownFileType = sourcecode.swift; path = ChartPieViewController.swift; sourceTree = "<group>"; };
		7772C68C1CF5A1FC00E602A2 /* ChartHorizontalBarViewController.swift */ = {isa = PBXFileReference; fileEncoding = 4; lastKnownFileType = sourcecode.swift; path = ChartHorizontalBarViewController.swift; sourceTree = "<group>"; };
		7772C68E1CF5AB4E00E602A2 /* ChartsViewController.swift */ = {isa = PBXFileReference; fileEncoding = 4; lastKnownFileType = sourcecode.swift; path = ChartsViewController.swift; sourceTree = "<group>"; };
		7772C6901CF5AF6000E602A2 /* ChartsViewModel.swift */ = {isa = PBXFileReference; fileEncoding = 4; lastKnownFileType = sourcecode.swift; path = ChartsViewModel.swift; sourceTree = "<group>"; };
		7772C6921CF5AFA000E602A2 /* ChartsPieViewModel.swift */ = {isa = PBXFileReference; fileEncoding = 4; lastKnownFileType = sourcecode.swift; path = ChartsPieViewModel.swift; sourceTree = "<group>"; };
		7772C6941CF5AFDD00E602A2 /* ChartsHorizontalBarViewModel.swift */ = {isa = PBXFileReference; fileEncoding = 4; lastKnownFileType = sourcecode.swift; path = ChartsHorizontalBarViewModel.swift; sourceTree = "<group>"; };
		7772C6961CF5CD4000E602A2 /* TournamentChart.swift */ = {isa = PBXFileReference; fileEncoding = 4; lastKnownFileType = sourcecode.swift; path = TournamentChart.swift; sourceTree = "<group>"; };
		7780D6241CE48DF10014F393 /* GameTree.swift */ = {isa = PBXFileReference; fileEncoding = 4; lastKnownFileType = sourcecode.swift; path = GameTree.swift; sourceTree = "<group>"; };
		7780D6271CE5B10A0014F393 /* GameCell.xib */ = {isa = PBXFileReference; fileEncoding = 4; lastKnownFileType = file.xib; path = GameCell.xib; sourceTree = "<group>"; };
		7780D6291CE5B6890014F393 /* GameCell.swift */ = {isa = PBXFileReference; fileEncoding = 4; lastKnownFileType = sourcecode.swift; path = GameCell.swift; sourceTree = "<group>"; };
		7780D62B1CE62A9B0014F393 /* GameViewModel.swift */ = {isa = PBXFileReference; fileEncoding = 4; lastKnownFileType = sourcecode.swift; path = GameViewModel.swift; sourceTree = "<group>"; };
		7780D62D1CE701D00014F393 /* Game+Prompts.swift */ = {isa = PBXFileReference; fileEncoding = 4; lastKnownFileType = sourcecode.swift; path = "Game+Prompts.swift"; sourceTree = "<group>"; };
		77839A311CEE81800077FCBD /* UIColor+LoserBackgroundColor.swift */ = {isa = PBXFileReference; fileEncoding = 4; lastKnownFileType = sourcecode.swift; path = "UIColor+LoserBackgroundColor.swift"; sourceTree = "<group>"; };
		7793022D1CCFAFD000695321 /* Power.swift */ = {isa = PBXFileReference; fileEncoding = 4; lastKnownFileType = sourcecode.swift; path = Power.swift; sourceTree = "<group>"; };
		779D0E121CFEDF240020D612 /* AppObject.swift */ = {isa = PBXFileReference; fileEncoding = 4; lastKnownFileType = sourcecode.swift; path = AppObject.swift; sourceTree = "<group>"; };
		779D0E141CFEE5170020D612 /* RemoveAdvertsViewController.swift */ = {isa = PBXFileReference; fileEncoding = 4; lastKnownFileType = sourcecode.swift; path = RemoveAdvertsViewController.swift; sourceTree = "<group>"; };
		779FFC9F1CD6A8DC00D48800 /* GroupListViewController.swift */ = {isa = PBXFileReference; fileEncoding = 4; lastKnownFileType = sourcecode.swift; path = GroupListViewController.swift; sourceTree = "<group>"; };
		779FFCA11CD7D3C600D48800 /* GroupSettingViewController.swift */ = {isa = PBXFileReference; fileEncoding = 4; lastKnownFileType = sourcecode.swift; path = GroupSettingViewController.swift; sourceTree = "<group>"; };
		779FFCA31CD9480900D48800 /* ScheduleType.swift */ = {isa = PBXFileReference; fileEncoding = 4; lastKnownFileType = sourcecode.swift; path = ScheduleType.swift; sourceTree = "<group>"; };
		779FFCA51CDA1F6700D48800 /* GroupSettingViewModel.swift */ = {isa = PBXFileReference; fileEncoding = 4; lastKnownFileType = sourcecode.swift; path = GroupSettingViewModel.swift; sourceTree = "<group>"; };
		779FFCA81CDA4AEB00D48800 /* UISegmentedControl+Multiline.swift */ = {isa = PBXFileReference; fileEncoding = 4; lastKnownFileType = sourcecode.swift; path = "UISegmentedControl+Multiline.swift"; sourceTree = "<group>"; };
		779FFCAC1CDAB08100D48800 /* Team.swift */ = {isa = PBXFileReference; fileEncoding = 4; lastKnownFileType = sourcecode.swift; path = Team.swift; sourceTree = "<group>"; };
		779FFCAE1CDAC48E00D48800 /* TeamCell.swift */ = {isa = PBXFileReference; fileEncoding = 4; lastKnownFileType = sourcecode.swift; path = TeamCell.swift; sourceTree = "<group>"; };
		77AA022D1CFFAECC00E6428F /* Rounded_Elegance.ttf */ = {isa = PBXFileReference; lastKnownFileType = file; path = Rounded_Elegance.ttf; sourceTree = "<group>"; };
		77AE56E61CE1DF32006CBF55 /* GameListViewController.swift */ = {isa = PBXFileReference; fileEncoding = 4; lastKnownFileType = sourcecode.swift; path = GameListViewController.swift; sourceTree = "<group>"; };
		77B845851CFE2FE900EFCC76 /* GoogleService-Info.plist */ = {isa = PBXFileReference; fileEncoding = 4; lastKnownFileType = text.plist.xml; path = "GoogleService-Info.plist"; sourceTree = "<group>"; };
		77D095D01CF1F986002F681E /* TeamStatsCell.swift */ = {isa = PBXFileReference; fileEncoding = 4; lastKnownFileType = sourcecode.swift; path = TeamStatsCell.swift; sourceTree = "<group>"; };
		77D095D21CF1FDCA002F681E /* TeamStatsListViewController.swift */ = {isa = PBXFileReference; fileEncoding = 4; lastKnownFileType = sourcecode.swift; path = TeamStatsListViewController.swift; sourceTree = "<group>"; };
		77D095D41CF2002A002F681E /* TeamStatsListViewModel.swift */ = {isa = PBXFileReference; fileEncoding = 4; lastKnownFileType = sourcecode.swift; path = TeamStatsListViewModel.swift; sourceTree = "<group>"; };
		77D095D61CF20321002F681E /* TeamStats.swift */ = {isa = PBXFileReference; fileEncoding = 4; lastKnownFileType = sourcecode.swift; path = TeamStats.swift; sourceTree = "<group>"; };
		77D095D81CF20593002F681E /* TeamStatsViewModel.swift */ = {isa = PBXFileReference; fileEncoding = 4; lastKnownFileType = sourcecode.swift; path = TeamStatsViewModel.swift; sourceTree = "<group>"; };
		77D2072E1CE119F5009139DB /* UITextField+DoneToolbar.swift */ = {isa = PBXFileReference; fileEncoding = 4; lastKnownFileType = sourcecode.swift; path = "UITextField+DoneToolbar.swift"; sourceTree = "<group>"; };
		77D3D65D1CC3BFA6001EF359 /* Game.swift */ = {isa = PBXFileReference; fileEncoding = 4; lastKnownFileType = sourcecode.swift; path = Game.swift; sourceTree = "<group>"; };
		77E035BF1CEE0B2200F6B170 /* GroupTabBarController.swift */ = {isa = PBXFileReference; fileEncoding = 4; lastKnownFileType = sourcecode.swift; path = GroupTabBarController.swift; sourceTree = "<group>"; };
		77E035C11CEE0DD600F6B170 /* GroupTabViewModel.swift */ = {isa = PBXFileReference; fileEncoding = 4; lastKnownFileType = sourcecode.swift; path = GroupTabViewModel.swift; sourceTree = "<group>"; };
		77E54B6F1CF391CA00A0E393 /* TeamStatsHeaderView.xib */ = {isa = PBXFileReference; fileEncoding = 4; lastKnownFileType = file.xib; path = TeamStatsHeaderView.xib; sourceTree = "<group>"; };
		77E54B711CF39B7F00A0E393 /* TeamStatsHeaderView.swift */ = {isa = PBXFileReference; fileEncoding = 4; lastKnownFileType = sourcecode.swift; path = TeamStatsHeaderView.swift; sourceTree = "<group>"; };
		77F987FE1CF7713B00DDC3D4 /* TeamsImportListViewController.swift */ = {isa = PBXFileReference; fileEncoding = 4; lastKnownFileType = sourcecode.swift; path = TeamsImportListViewController.swift; sourceTree = "<group>"; };
		77F988001CF7793E00DDC3D4 /* TeamsImportListViewModel.swift */ = {isa = PBXFileReference; fileEncoding = 4; lastKnownFileType = sourcecode.swift; path = TeamsImportListViewModel.swift; sourceTree = "<group>"; };
		77F988021CF77BD300DDC3D4 /* TeamsImportItemCell.swift */ = {isa = PBXFileReference; fileEncoding = 4; lastKnownFileType = sourcecode.swift; path = TeamsImportItemCell.swift; sourceTree = "<group>"; };
		77F988041CF77D1C00DDC3D4 /* TeamsImportItemViewModel.swift */ = {isa = PBXFileReference; fileEncoding = 4; lastKnownFileType = sourcecode.swift; path = TeamsImportItemViewModel.swift; sourceTree = "<group>"; };
		7D95F1485BD2348DF3581512 /* Pods-TournamentBracketsTests.release.xcconfig */ = {isa = PBXFileReference; includeInIndex = 1; lastKnownFileType = text.xcconfig; name = "Pods-TournamentBracketsTests.release.xcconfig"; path = "Pods/Target Support Files/Pods-TournamentBracketsTests/Pods-TournamentBracketsTests.release.xcconfig"; sourceTree = "<group>"; };
		860DBBC33E38534A9B943713 /* Pods-TournamentBrackets.release.xcconfig */ = {isa = PBXFileReference; includeInIndex = 1; lastKnownFileType = text.xcconfig; name = "Pods-TournamentBrackets.release.xcconfig"; path = "Pods/Target Support Files/Pods-TournamentBrackets/Pods-TournamentBrackets.release.xcconfig"; sourceTree = "<group>"; };
		9EF376B9C2066069F5623EC8 /* Pods-TournamentBracketsTests.debug.xcconfig */ = {isa = PBXFileReference; includeInIndex = 1; lastKnownFileType = text.xcconfig; name = "Pods-TournamentBracketsTests.debug.xcconfig"; path = "Pods/Target Support Files/Pods-TournamentBracketsTests/Pods-TournamentBracketsTests.debug.xcconfig"; sourceTree = "<group>"; };
		ACB6CC3E3E63FC7F37C1098F /* Pods_TournamentBracketsTests.framework */ = {isa = PBXFileReference; explicitFileType = wrapper.framework; includeInIndex = 0; path = Pods_TournamentBracketsTests.framework; sourceTree = BUILT_PRODUCTS_DIR; };
		B39217C89F97EC9E9513484E /* Pods-TournamentBracketsUITests.release.xcconfig */ = {isa = PBXFileReference; includeInIndex = 1; lastKnownFileType = text.xcconfig; name = "Pods-TournamentBracketsUITests.release.xcconfig"; path = "Pods/Target Support Files/Pods-TournamentBracketsUITests/Pods-TournamentBracketsUITests.release.xcconfig"; sourceTree = "<group>"; };
		B4FDAADB791ED9A3AAE80D50 /* Pods_TournamentBrackets.framework */ = {isa = PBXFileReference; explicitFileType = wrapper.framework; includeInIndex = 0; path = Pods_TournamentBrackets.framework; sourceTree = BUILT_PRODUCTS_DIR; };
		F675DA00476FB0F3FDD3C2AE /* Pods_TournamentBracketsUITests.framework */ = {isa = PBXFileReference; explicitFileType = wrapper.framework; includeInIndex = 0; path = Pods_TournamentBracketsUITests.framework; sourceTree = BUILT_PRODUCTS_DIR; };
/* End PBXFileReference section */

/* Begin PBXFrameworksBuildPhase section */
		7770C6071CC0C28F008C5A6B /* Frameworks */ = {
			isa = PBXFrameworksBuildPhase;
			buildActionMask = 2147483647;
			files = (
				0A1B289FA3E0714DF337E1EA /* Pods_TournamentBrackets.framework in Frameworks */,
			);
			runOnlyForDeploymentPostprocessing = 0;
		};
		7770C61B1CC0C290008C5A6B /* Frameworks */ = {
			isa = PBXFrameworksBuildPhase;
			buildActionMask = 2147483647;
			files = (
				55B0A11723D80C6FC90509D7 /* Pods_TournamentBracketsTests.framework in Frameworks */,
			);
			runOnlyForDeploymentPostprocessing = 0;
		};
		7770C6261CC0C290008C5A6B /* Frameworks */ = {
			isa = PBXFrameworksBuildPhase;
			buildActionMask = 2147483647;
			files = (
				458147B066E5D99DCB415090 /* Pods_TournamentBracketsUITests.framework in Frameworks */,
			);
			runOnlyForDeploymentPostprocessing = 0;
		};
/* End PBXFrameworksBuildPhase section */

/* Begin PBXGroup section */
		416CF9543CB64BE4334FB03B /* Frameworks */ = {
			isa = PBXGroup;
			children = (
				B4FDAADB791ED9A3AAE80D50 /* Pods_TournamentBrackets.framework */,
				ACB6CC3E3E63FC7F37C1098F /* Pods_TournamentBracketsTests.framework */,
				F675DA00476FB0F3FDD3C2AE /* Pods_TournamentBracketsUITests.framework */,
			);
			name = Frameworks;
			sourceTree = "<group>";
		};
		7766D83E1CD102BA00DA3FA1 /* Extensions */ = {
			isa = PBXGroup;
			children = (
				7766D83F1CD102C800DA3FA1 /* Array+Unique.swift */,
				779FFCA81CDA4AEB00D48800 /* UISegmentedControl+Multiline.swift */,
				77D2072E1CE119F5009139DB /* UITextField+DoneToolbar.swift */,
				77839A311CEE81800077FCBD /* UIColor+LoserBackgroundColor.swift */,
				773C28711CEF187000E30678 /* String+Substring.swift */,
			);
			path = Extensions;
			sourceTree = "<group>";
		};
		7766D84D1CD275ED00DA3FA1 /* ViewModels */ = {
			isa = PBXGroup;
			children = (
				779FFCA51CDA1F6700D48800 /* GroupSettingViewModel.swift */,
				77F988001CF7793E00DDC3D4 /* TeamsImportListViewModel.swift */,
				77F988041CF77D1C00DDC3D4 /* TeamsImportItemViewModel.swift */,
				77E035C11CEE0DD600F6B170 /* GroupTabViewModel.swift */,
				77225BAB1CEB7F53006D0C2B /* GroupDetailViewModel.swift */,
				77225BAD1CEB8706006D0C2B /* GameListViewModel.swift */,
				7780D62B1CE62A9B0014F393 /* GameViewModel.swift */,
				77D095D41CF2002A002F681E /* TeamStatsListViewModel.swift */,
				77D095D81CF20593002F681E /* TeamStatsViewModel.swift */,
				7772C6901CF5AF6000E602A2 /* ChartsViewModel.swift */,
				7772C6921CF5AFA000E602A2 /* ChartsPieViewModel.swift */,
				7772C6941CF5AFDD00E602A2 /* ChartsHorizontalBarViewModel.swift */,
				7772C6961CF5CD4000E602A2 /* TournamentChart.swift */,
			);
			path = ViewModels;
			sourceTree = "<group>";
		};
		7766D8501CD39E2000DA3FA1 /* ViewControllers */ = {
			isa = PBXGroup;
			children = (
				7766D8531CD41AEF00DA3FA1 /* TournamentListViewController.swift */,
				779FFCA11CD7D3C600D48800 /* GroupSettingViewController.swift */,
				779FFCAE1CDAC48E00D48800 /* TeamCell.swift */,
				77F987FE1CF7713B00DDC3D4 /* TeamsImportListViewController.swift */,
				77F988021CF77BD300DDC3D4 /* TeamsImportItemCell.swift */,
				779FFC9F1CD6A8DC00D48800 /* GroupListViewController.swift */,
				77E035BF1CEE0B2200F6B170 /* GroupTabBarController.swift */,
				77225BA91CEB7912006D0C2B /* GroupDetailViewController.swift */,
				77AE56E61CE1DF32006CBF55 /* GameListViewController.swift */,
				7780D6271CE5B10A0014F393 /* GameCell.xib */,
				7780D6291CE5B6890014F393 /* GameCell.swift */,
				77D095D21CF1FDCA002F681E /* TeamStatsListViewController.swift */,
				77E54B6F1CF391CA00A0E393 /* TeamStatsHeaderView.xib */,
				77E54B711CF39B7F00A0E393 /* TeamStatsHeaderView.swift */,
				77D095D01CF1F986002F681E /* TeamStatsCell.swift */,
				7772C68E1CF5AB4E00E602A2 /* ChartsViewController.swift */,
				7772C68A1CF5A1B900E602A2 /* ChartPieViewController.swift */,
				7772C68C1CF5A1FC00E602A2 /* ChartHorizontalBarViewController.swift */,
				779D0E141CFEE5170020D612 /* RemoveAdvertsViewController.swift */,
				771D5B501CFF9A7200FF46B3 /* TBAcknowledgementsViewController.swift */,
			);
			path = ViewControllers;
			sourceTree = "<group>";
		};
		7770C6011CC0C28F008C5A6B = {
			isa = PBXGroup;
			children = (
				7770C60C1CC0C290008C5A6B /* TournamentBrackets */,
				7770C6211CC0C290008C5A6B /* TournamentBracketsTests */,
				7770C62C1CC0C290008C5A6B /* TournamentBracketsUITests */,
				7770C60B1CC0C290008C5A6B /* Products */,
				8F87AC8065C3F70D8E1824F3 /* Pods */,
				416CF9543CB64BE4334FB03B /* Frameworks */,
			);
			sourceTree = "<group>";
		};
		7770C60B1CC0C290008C5A6B /* Products */ = {
			isa = PBXGroup;
			children = (
				7770C60A1CC0C290008C5A6B /* TournamentBrackets.app */,
				7770C61E1CC0C290008C5A6B /* TournamentBracketsTests.xctest */,
				7770C6291CC0C290008C5A6B /* TournamentBracketsUITests.xctest */,
			);
			name = Products;
			sourceTree = "<group>";
		};
		7770C60C1CC0C290008C5A6B /* TournamentBrackets */ = {
			isa = PBXGroup;
			children = (
				7766D83E1CD102BA00DA3FA1 /* Extensions */,
				7793022C1CCFAF7400695321 /* Helpers */,
				77D3D65C1CC3BF30001EF359 /* Models */,
				7766D84D1CD275ED00DA3FA1 /* ViewModels */,
				7766D8501CD39E2000DA3FA1 /* ViewControllers */,
				771E19621CC27DEF00125F9E /* Scheduler.swift */,
				77B845851CFE2FE900EFCC76 /* GoogleService-Info.plist */,
				7770C60D1CC0C290008C5A6B /* AppDelegate.swift */,
				7770C60F1CC0C290008C5A6B /* ViewController.swift */,
				7770C6111CC0C290008C5A6B /* Main.storyboard */,
				7770C6141CC0C290008C5A6B /* Assets.xcassets */,
				7770C6161CC0C290008C5A6B /* LaunchScreen.storyboard */,
				77AA022D1CFFAECC00E6428F /* Rounded_Elegance.ttf */,
				771D5B4E1CFF9A0C00FF46B3 /* Pods-acknowledgements.plist */,
				7770C6191CC0C290008C5A6B /* Info.plist */,
			);
			path = TournamentBrackets;
			sourceTree = "<group>";
		};
		7770C6211CC0C290008C5A6B /* TournamentBracketsTests */ = {
			isa = PBXGroup;
			children = (
				770080AF1CC4052600EE04E2 /* TestScheduler.swift */,
				7770C6241CC0C290008C5A6B /* Info.plist */,
				7780D62D1CE701D00014F393 /* Game+Prompts.swift */,
				7766D8411CD1216900DA3FA1 /* Test_01SchedulerSpec_RoundRobin.swift */,
				7766D8431CD1227B00DA3FA1 /* Test_02SchedulerSpec_RoundRobinDoubles.swift */,
				7766D8451CD122B000DA3FA1 /* Test_03SchedulerSpec_SingleElimination.swift */,
				7766D8471CD122DD00DA3FA1 /* Test_04SchedulerSpec_DoubleElimination.swift */,
			);
			path = TournamentBracketsTests;
			sourceTree = "<group>";
		};
		7770C62C1CC0C290008C5A6B /* TournamentBracketsUITests */ = {
			isa = PBXGroup;
			children = (
				7770C62D1CC0C290008C5A6B /* TournamentBracketsUITests.swift */,
				7770C62F1CC0C290008C5A6B /* Info.plist */,
			);
			path = TournamentBracketsUITests;
			sourceTree = "<group>";
		};
		7793022C1CCFAF7400695321 /* Helpers */ = {
			isa = PBXGroup;
			children = (
				7793022D1CCFAFD000695321 /* Power.swift */,
			);
			path = Helpers;
			sourceTree = "<group>";
		};
		77D3D65C1CC3BF30001EF359 /* Models */ = {
			isa = PBXGroup;
			children = (
				779D0E121CFEDF240020D612 /* AppObject.swift */,
				7766D84A1CD2435F00DA3FA1 /* Tournament.swift */,
				7766D8511CD3A44400DA3FA1 /* Group.swift */,
				77D3D65D1CC3BFA6001EF359 /* Game.swift */,
				7780D6241CE48DF10014F393 /* GameTree.swift */,
				779FFCA31CD9480900D48800 /* ScheduleType.swift */,
				779FFCAC1CDAB08100D48800 /* Team.swift */,
				77D095D61CF20321002F681E /* TeamStats.swift */,
			);
			path = Models;
			sourceTree = "<group>";
		};
		8F87AC8065C3F70D8E1824F3 /* Pods */ = {
			isa = PBXGroup;
			children = (
				31CF82C10F534108DCCC4EF0 /* Pods-TournamentBrackets.debug.xcconfig */,
				860DBBC33E38534A9B943713 /* Pods-TournamentBrackets.release.xcconfig */,
				9EF376B9C2066069F5623EC8 /* Pods-TournamentBracketsTests.debug.xcconfig */,
				7D95F1485BD2348DF3581512 /* Pods-TournamentBracketsTests.release.xcconfig */,
				250A9228646B05D20F9FFDD2 /* Pods-TournamentBracketsUITests.debug.xcconfig */,
				B39217C89F97EC9E9513484E /* Pods-TournamentBracketsUITests.release.xcconfig */,
			);
			name = Pods;
			sourceTree = "<group>";
		};
/* End PBXGroup section */

/* Begin PBXNativeTarget section */
		7770C6091CC0C28F008C5A6B /* TournamentBrackets */ = {
			isa = PBXNativeTarget;
			buildConfigurationList = 7770C6321CC0C290008C5A6B /* Build configuration list for PBXNativeTarget "TournamentBrackets" */;
			buildPhases = (
				D4E4AAE4F378FD75C0364A7D /* 📦 Check Pods Manifest.lock */,
				7770C6061CC0C28F008C5A6B /* Sources */,
				7770C6071CC0C28F008C5A6B /* Frameworks */,
				7770C6081CC0C28F008C5A6B /* Resources */,
				E6B85FF6AA6A0CC566D4A643 /* 📦 Embed Pods Frameworks */,
				66F94608F67CC1957D7C25E5 /* 📦 Copy Pods Resources */,
			);
			buildRules = (
			);
			dependencies = (
			);
			name = TournamentBrackets;
			productName = TournamentBrackets;
			productReference = 7770C60A1CC0C290008C5A6B /* TournamentBrackets.app */;
			productType = "com.apple.product-type.application";
		};
		7770C61D1CC0C290008C5A6B /* TournamentBracketsTests */ = {
			isa = PBXNativeTarget;
			buildConfigurationList = 7770C6351CC0C290008C5A6B /* Build configuration list for PBXNativeTarget "TournamentBracketsTests" */;
			buildPhases = (
				5F8A7AD7BAEC9FCA831430C6 /* 📦 Check Pods Manifest.lock */,
				7770C61A1CC0C290008C5A6B /* Sources */,
				7770C61B1CC0C290008C5A6B /* Frameworks */,
				7770C61C1CC0C290008C5A6B /* Resources */,
				0350442F5429A261EC1E2474 /* 📦 Embed Pods Frameworks */,
				883AE2374C69E85B35A6AE35 /* 📦 Copy Pods Resources */,
			);
			buildRules = (
			);
			dependencies = (
				7770C6201CC0C290008C5A6B /* PBXTargetDependency */,
			);
			name = TournamentBracketsTests;
			productName = TournamentBracketsTests;
			productReference = 7770C61E1CC0C290008C5A6B /* TournamentBracketsTests.xctest */;
			productType = "com.apple.product-type.bundle.unit-test";
		};
		7770C6281CC0C290008C5A6B /* TournamentBracketsUITests */ = {
			isa = PBXNativeTarget;
			buildConfigurationList = 7770C6381CC0C290008C5A6B /* Build configuration list for PBXNativeTarget "TournamentBracketsUITests" */;
			buildPhases = (
				9056594484B6F8448438A037 /* 📦 Check Pods Manifest.lock */,
				7770C6251CC0C290008C5A6B /* Sources */,
				7770C6261CC0C290008C5A6B /* Frameworks */,
				7770C6271CC0C290008C5A6B /* Resources */,
				3C634DB59E0856288F1E6812 /* 📦 Copy Pods Resources */,
			);
			buildRules = (
			);
			dependencies = (
				7770C62B1CC0C290008C5A6B /* PBXTargetDependency */,
			);
			name = TournamentBracketsUITests;
			productName = TournamentBracketsUITests;
			productReference = 7770C6291CC0C290008C5A6B /* TournamentBracketsUITests.xctest */;
			productType = "com.apple.product-type.bundle.ui-testing";
		};
/* End PBXNativeTarget section */

/* Begin PBXProject section */
		7770C6021CC0C28F008C5A6B /* Project object */ = {
			isa = PBXProject;
			attributes = {
				LastSwiftUpdateCheck = 0730;
				LastUpgradeCheck = 0730;
				ORGANIZATIONNAME = "EDGARDO AGNO";
				TargetAttributes = {
					7770C6091CC0C28F008C5A6B = {
						CreatedOnToolsVersion = 7.3;
					};
					7770C61D1CC0C290008C5A6B = {
						CreatedOnToolsVersion = 7.3;
						TestTargetID = 7770C6091CC0C28F008C5A6B;
					};
					7770C6281CC0C290008C5A6B = {
						CreatedOnToolsVersion = 7.3;
						TestTargetID = 7770C6091CC0C28F008C5A6B;
					};
				};
			};
			buildConfigurationList = 7770C6051CC0C28F008C5A6B /* Build configuration list for PBXProject "TournamentBrackets" */;
			compatibilityVersion = "Xcode 3.2";
			developmentRegion = English;
			hasScannedForEncodings = 0;
			knownRegions = (
				en,
				Base,
			);
			mainGroup = 7770C6011CC0C28F008C5A6B;
			productRefGroup = 7770C60B1CC0C290008C5A6B /* Products */;
			projectDirPath = "";
			projectRoot = "";
			targets = (
				7770C6091CC0C28F008C5A6B /* TournamentBrackets */,
				7770C61D1CC0C290008C5A6B /* TournamentBracketsTests */,
				7770C6281CC0C290008C5A6B /* TournamentBracketsUITests */,
			);
		};
/* End PBXProject section */

/* Begin PBXResourcesBuildPhase section */
		7770C6081CC0C28F008C5A6B /* Resources */ = {
			isa = PBXResourcesBuildPhase;
			buildActionMask = 2147483647;
			files = (
				7770C6181CC0C290008C5A6B /* LaunchScreen.storyboard in Resources */,
				7770C6151CC0C290008C5A6B /* Assets.xcassets in Resources */,
				771D5B4F1CFF9A0C00FF46B3 /* Pods-acknowledgements.plist in Resources */,
				7770C6131CC0C290008C5A6B /* Main.storyboard in Resources */,
				77AA022E1CFFB4A900E6428F /* Rounded_Elegance.ttf in Resources */,
				77E54B701CF391CA00A0E393 /* TeamStatsHeaderView.xib in Resources */,
				7780D6281CE5B10A0014F393 /* GameCell.xib in Resources */,
				77B845861CFE2FE900EFCC76 /* GoogleService-Info.plist in Resources */,
			);
			runOnlyForDeploymentPostprocessing = 0;
		};
		7770C61C1CC0C290008C5A6B /* Resources */ = {
			isa = PBXResourcesBuildPhase;
			buildActionMask = 2147483647;
			files = (
			);
			runOnlyForDeploymentPostprocessing = 0;
		};
		7770C6271CC0C290008C5A6B /* Resources */ = {
			isa = PBXResourcesBuildPhase;
			buildActionMask = 2147483647;
			files = (
			);
			runOnlyForDeploymentPostprocessing = 0;
		};
/* End PBXResourcesBuildPhase section */

/* Begin PBXShellScriptBuildPhase section */
		0350442F5429A261EC1E2474 /* 📦 Embed Pods Frameworks */ = {
			isa = PBXShellScriptBuildPhase;
			buildActionMask = 2147483647;
			files = (
			);
			inputPaths = (
			);
			name = "📦 Embed Pods Frameworks";
			outputPaths = (
			);
			runOnlyForDeploymentPostprocessing = 0;
			shellPath = /bin/sh;
			shellScript = "\"${SRCROOT}/Pods/Target Support Files/Pods-TournamentBracketsTests/Pods-TournamentBracketsTests-frameworks.sh\"\n";
			showEnvVarsInLog = 0;
		};
		3C634DB59E0856288F1E6812 /* 📦 Copy Pods Resources */ = {
			isa = PBXShellScriptBuildPhase;
			buildActionMask = 2147483647;
			files = (
			);
			inputPaths = (
			);
			name = "📦 Copy Pods Resources";
			outputPaths = (
			);
			runOnlyForDeploymentPostprocessing = 0;
			shellPath = /bin/sh;
			shellScript = "\"${SRCROOT}/Pods/Target Support Files/Pods-TournamentBracketsUITests/Pods-TournamentBracketsUITests-resources.sh\"\n";
			showEnvVarsInLog = 0;
		};
		5F8A7AD7BAEC9FCA831430C6 /* 📦 Check Pods Manifest.lock */ = {
			isa = PBXShellScriptBuildPhase;
			buildActionMask = 2147483647;
			files = (
			);
			inputPaths = (
			);
			name = "📦 Check Pods Manifest.lock";
			outputPaths = (
			);
			runOnlyForDeploymentPostprocessing = 0;
			shellPath = /bin/sh;
			shellScript = "diff \"${PODS_ROOT}/../Podfile.lock\" \"${PODS_ROOT}/Manifest.lock\" > /dev/null\nif [[ $? != 0 ]] ; then\n    cat << EOM\nerror: The sandbox is not in sync with the Podfile.lock. Run 'pod install' or update your CocoaPods installation.\nEOM\n    exit 1\nfi\n";
			showEnvVarsInLog = 0;
		};
		66F94608F67CC1957D7C25E5 /* 📦 Copy Pods Resources */ = {
			isa = PBXShellScriptBuildPhase;
			buildActionMask = 2147483647;
			files = (
			);
			inputPaths = (
			);
			name = "📦 Copy Pods Resources";
			outputPaths = (
			);
			runOnlyForDeploymentPostprocessing = 0;
			shellPath = /bin/sh;
			shellScript = "\"${SRCROOT}/Pods/Target Support Files/Pods-TournamentBrackets/Pods-TournamentBrackets-resources.sh\"\n";
			showEnvVarsInLog = 0;
		};
		883AE2374C69E85B35A6AE35 /* 📦 Copy Pods Resources */ = {
			isa = PBXShellScriptBuildPhase;
			buildActionMask = 2147483647;
			files = (
			);
			inputPaths = (
			);
			name = "📦 Copy Pods Resources";
			outputPaths = (
			);
			runOnlyForDeploymentPostprocessing = 0;
			shellPath = /bin/sh;
			shellScript = "\"${SRCROOT}/Pods/Target Support Files/Pods-TournamentBracketsTests/Pods-TournamentBracketsTests-resources.sh\"\n";
			showEnvVarsInLog = 0;
		};
		9056594484B6F8448438A037 /* 📦 Check Pods Manifest.lock */ = {
			isa = PBXShellScriptBuildPhase;
			buildActionMask = 2147483647;
			files = (
			);
			inputPaths = (
			);
			name = "📦 Check Pods Manifest.lock";
			outputPaths = (
			);
			runOnlyForDeploymentPostprocessing = 0;
			shellPath = /bin/sh;
			shellScript = "diff \"${PODS_ROOT}/../Podfile.lock\" \"${PODS_ROOT}/Manifest.lock\" > /dev/null\nif [[ $? != 0 ]] ; then\n    cat << EOM\nerror: The sandbox is not in sync with the Podfile.lock. Run 'pod install' or update your CocoaPods installation.\nEOM\n    exit 1\nfi\n";
			showEnvVarsInLog = 0;
		};
		D4E4AAE4F378FD75C0364A7D /* 📦 Check Pods Manifest.lock */ = {
			isa = PBXShellScriptBuildPhase;
			buildActionMask = 2147483647;
			files = (
			);
			inputPaths = (
			);
			name = "📦 Check Pods Manifest.lock";
			outputPaths = (
			);
			runOnlyForDeploymentPostprocessing = 0;
			shellPath = /bin/sh;
			shellScript = "diff \"${PODS_ROOT}/../Podfile.lock\" \"${PODS_ROOT}/Manifest.lock\" > /dev/null\nif [[ $? != 0 ]] ; then\n    cat << EOM\nerror: The sandbox is not in sync with the Podfile.lock. Run 'pod install' or update your CocoaPods installation.\nEOM\n    exit 1\nfi\n";
			showEnvVarsInLog = 0;
		};
		E6B85FF6AA6A0CC566D4A643 /* 📦 Embed Pods Frameworks */ = {
			isa = PBXShellScriptBuildPhase;
			buildActionMask = 2147483647;
			files = (
			);
			inputPaths = (
			);
			name = "📦 Embed Pods Frameworks";
			outputPaths = (
			);
			runOnlyForDeploymentPostprocessing = 0;
			shellPath = /bin/sh;
			shellScript = "\"${SRCROOT}/Pods/Target Support Files/Pods-TournamentBrackets/Pods-TournamentBrackets-frameworks.sh\"\n";
			showEnvVarsInLog = 0;
		};
/* End PBXShellScriptBuildPhase section */

/* Begin PBXSourcesBuildPhase section */
		7770C6061CC0C28F008C5A6B /* Sources */ = {
			isa = PBXSourcesBuildPhase;
			buildActionMask = 2147483647;
			files = (
				7772C68F1CF5AB4E00E602A2 /* ChartsViewController.swift in Sources */,
				771D5B511CFF9A7200FF46B3 /* TBAcknowledgementsViewController.swift in Sources */,
				779FFCA01CD6A8DD00D48800 /* GroupListViewController.swift in Sources */,
				7766D8401CD102C800DA3FA1 /* Array+Unique.swift in Sources */,
				77E54B721CF39B7F00A0E393 /* TeamStatsHeaderView.swift in Sources */,
				77D095D51CF2002A002F681E /* TeamStatsListViewModel.swift in Sources */,
				771E19631CC27DEF00125F9E /* Scheduler.swift in Sources */,
				77D2072F1CE119F5009139DB /* UITextField+DoneToolbar.swift in Sources */,
				779FFCAD1CDAB08100D48800 /* Team.swift in Sources */,
				77F987FF1CF7713B00DDC3D4 /* TeamsImportListViewController.swift in Sources */,
				77D095D91CF20593002F681E /* TeamStatsViewModel.swift in Sources */,
				77E035C21CEE0DD600F6B170 /* GroupTabViewModel.swift in Sources */,
				7780D62C1CE62A9B0014F393 /* GameViewModel.swift in Sources */,
				779FFCA41CD9480900D48800 /* ScheduleType.swift in Sources */,
				77AE56E71CE1DF32006CBF55 /* GameListViewController.swift in Sources */,
				77225BAC1CEB7F53006D0C2B /* GroupDetailViewModel.swift in Sources */,
				77E035C01CEE0B2200F6B170 /* GroupTabBarController.swift in Sources */,
				77225BAA1CEB7912006D0C2B /* GroupDetailViewController.swift in Sources */,
				7772C6971CF5CD4000E602A2 /* TournamentChart.swift in Sources */,
				779D0E131CFEDF240020D612 /* AppObject.swift in Sources */,
				7766D8541CD41AEF00DA3FA1 /* TournamentListViewController.swift in Sources */,
				77D095D11CF1F986002F681E /* TeamStatsCell.swift in Sources */,
				77F988011CF7793E00DDC3D4 /* TeamsImportListViewModel.swift in Sources */,
				7780D6251CE48DF10014F393 /* GameTree.swift in Sources */,
				77F988031CF77BD300DDC3D4 /* TeamsImportItemCell.swift in Sources */,
				779FFCAF1CDAC48F00D48800 /* TeamCell.swift in Sources */,
				7766D8521CD3A44400DA3FA1 /* Group.swift in Sources */,
				7772C68D1CF5A1FC00E602A2 /* ChartHorizontalBarViewController.swift in Sources */,
				7780D62A1CE5B6890014F393 /* GameCell.swift in Sources */,
				7772C6931CF5AFA000E602A2 /* ChartsPieViewModel.swift in Sources */,
				77F988051CF77D1C00DDC3D4 /* TeamsImportItemViewModel.swift in Sources */,
				779FFCA21CD7D3C600D48800 /* GroupSettingViewController.swift in Sources */,
				779FFCA61CDA1F6700D48800 /* GroupSettingViewModel.swift in Sources */,
				77D095D71CF20321002F681E /* TeamStats.swift in Sources */,
				77225BAE1CEB8706006D0C2B /* GameListViewModel.swift in Sources */,
				7772C6951CF5AFDD00E602A2 /* ChartsHorizontalBarViewModel.swift in Sources */,
				7766D84B1CD2435F00DA3FA1 /* Tournament.swift in Sources */,
				779D0E151CFEE5170020D612 /* RemoveAdvertsViewController.swift in Sources */,
				7770C6101CC0C290008C5A6B /* ViewController.swift in Sources */,
				779FFCA91CDA4AEB00D48800 /* UISegmentedControl+Multiline.swift in Sources */,
				7770C60E1CC0C290008C5A6B /* AppDelegate.swift in Sources */,
				7772C6911CF5AF6000E602A2 /* ChartsViewModel.swift in Sources */,
				7772C68B1CF5A1B900E602A2 /* ChartPieViewController.swift in Sources */,
				77839A321CEE81800077FCBD /* UIColor+LoserBackgroundColor.swift in Sources */,
				7793022E1CCFAFD000695321 /* Power.swift in Sources */,
				77D095D31CF1FDCA002F681E /* TeamStatsListViewController.swift in Sources */,
				773C28721CEF187000E30678 /* String+Substring.swift in Sources */,
				77D3D65E1CC3BFA6001EF359 /* Game.swift in Sources */,
			);
			runOnlyForDeploymentPostprocessing = 0;
		};
		7770C61A1CC0C290008C5A6B /* Sources */ = {
			isa = PBXSourcesBuildPhase;
			buildActionMask = 2147483647;
			files = (
				7766D8441CD1227B00DA3FA1 /* Test_02SchedulerSpec_RoundRobinDoubles.swift in Sources */,
				7780D62E1CE701D00014F393 /* Game+Prompts.swift in Sources */,
				7766D8461CD122B000DA3FA1 /* Test_03SchedulerSpec_SingleElimination.swift in Sources */,
				770080B01CC4052600EE04E2 /* TestScheduler.swift in Sources */,
				7766D8421CD1216900DA3FA1 /* Test_01SchedulerSpec_RoundRobin.swift in Sources */,
				7766D8481CD122DD00DA3FA1 /* Test_04SchedulerSpec_DoubleElimination.swift in Sources */,
			);
			runOnlyForDeploymentPostprocessing = 0;
		};
		7770C6251CC0C290008C5A6B /* Sources */ = {
			isa = PBXSourcesBuildPhase;
			buildActionMask = 2147483647;
			files = (
				7770C62E1CC0C290008C5A6B /* TournamentBracketsUITests.swift in Sources */,
			);
			runOnlyForDeploymentPostprocessing = 0;
		};
/* End PBXSourcesBuildPhase section */

/* Begin PBXTargetDependency section */
		7770C6201CC0C290008C5A6B /* PBXTargetDependency */ = {
			isa = PBXTargetDependency;
			target = 7770C6091CC0C28F008C5A6B /* TournamentBrackets */;
			targetProxy = 7770C61F1CC0C290008C5A6B /* PBXContainerItemProxy */;
		};
		7770C62B1CC0C290008C5A6B /* PBXTargetDependency */ = {
			isa = PBXTargetDependency;
			target = 7770C6091CC0C28F008C5A6B /* TournamentBrackets */;
			targetProxy = 7770C62A1CC0C290008C5A6B /* PBXContainerItemProxy */;
		};
/* End PBXTargetDependency section */

/* Begin PBXVariantGroup section */
		7770C6111CC0C290008C5A6B /* Main.storyboard */ = {
			isa = PBXVariantGroup;
			children = (
				7770C6121CC0C290008C5A6B /* Base */,
			);
			name = Main.storyboard;
			sourceTree = "<group>";
		};
		7770C6161CC0C290008C5A6B /* LaunchScreen.storyboard */ = {
			isa = PBXVariantGroup;
			children = (
				7770C6171CC0C290008C5A6B /* Base */,
			);
			name = LaunchScreen.storyboard;
			sourceTree = "<group>";
		};
/* End PBXVariantGroup section */

/* Begin XCBuildConfiguration section */
		7770C6301CC0C290008C5A6B /* Debug */ = {
			isa = XCBuildConfiguration;
			buildSettings = {
				ALWAYS_SEARCH_USER_PATHS = NO;
				CLANG_ANALYZER_NONNULL = YES;
				CLANG_CXX_LANGUAGE_STANDARD = "gnu++0x";
				CLANG_CXX_LIBRARY = "libc++";
				CLANG_ENABLE_MODULES = YES;
				CLANG_ENABLE_OBJC_ARC = YES;
				CLANG_WARN_BOOL_CONVERSION = YES;
				CLANG_WARN_CONSTANT_CONVERSION = YES;
				CLANG_WARN_DIRECT_OBJC_ISA_USAGE = YES_ERROR;
				CLANG_WARN_EMPTY_BODY = YES;
				CLANG_WARN_ENUM_CONVERSION = YES;
				CLANG_WARN_INT_CONVERSION = YES;
				CLANG_WARN_OBJC_ROOT_CLASS = YES_ERROR;
				CLANG_WARN_UNREACHABLE_CODE = YES;
				CLANG_WARN__DUPLICATE_METHOD_MATCH = YES;
				"CODE_SIGN_IDENTITY[sdk=iphoneos*]" = "iPhone Developer";
				COPY_PHASE_STRIP = NO;
				DEBUG_INFORMATION_FORMAT = dwarf;
				ENABLE_STRICT_OBJC_MSGSEND = YES;
				ENABLE_TESTABILITY = YES;
				GCC_C_LANGUAGE_STANDARD = gnu99;
				GCC_DYNAMIC_NO_PIC = NO;
				GCC_NO_COMMON_BLOCKS = YES;
				GCC_OPTIMIZATION_LEVEL = 0;
				GCC_PREPROCESSOR_DEFINITIONS = (
					"DEBUG=1",
					"$(inherited)",
				);
				GCC_WARN_64_TO_32_BIT_CONVERSION = YES;
				GCC_WARN_ABOUT_RETURN_TYPE = YES_ERROR;
				GCC_WARN_UNDECLARED_SELECTOR = YES;
				GCC_WARN_UNINITIALIZED_AUTOS = YES_AGGRESSIVE;
				GCC_WARN_UNUSED_FUNCTION = YES;
				GCC_WARN_UNUSED_VARIABLE = YES;
				IPHONEOS_DEPLOYMENT_TARGET = 9.3;
				MTL_ENABLE_DEBUG_INFO = YES;
				ONLY_ACTIVE_ARCH = YES;
				SDKROOT = iphoneos;
				SWIFT_OPTIMIZATION_LEVEL = "-Onone";
			};
			name = Debug;
		};
		7770C6311CC0C290008C5A6B /* Release */ = {
			isa = XCBuildConfiguration;
			buildSettings = {
				ALWAYS_SEARCH_USER_PATHS = NO;
				CLANG_ANALYZER_NONNULL = YES;
				CLANG_CXX_LANGUAGE_STANDARD = "gnu++0x";
				CLANG_CXX_LIBRARY = "libc++";
				CLANG_ENABLE_MODULES = YES;
				CLANG_ENABLE_OBJC_ARC = YES;
				CLANG_WARN_BOOL_CONVERSION = YES;
				CLANG_WARN_CONSTANT_CONVERSION = YES;
				CLANG_WARN_DIRECT_OBJC_ISA_USAGE = YES_ERROR;
				CLANG_WARN_EMPTY_BODY = YES;
				CLANG_WARN_ENUM_CONVERSION = YES;
				CLANG_WARN_INT_CONVERSION = YES;
				CLANG_WARN_OBJC_ROOT_CLASS = YES_ERROR;
				CLANG_WARN_UNREACHABLE_CODE = YES;
				CLANG_WARN__DUPLICATE_METHOD_MATCH = YES;
				"CODE_SIGN_IDENTITY[sdk=iphoneos*]" = "iPhone Developer";
				COPY_PHASE_STRIP = NO;
				DEBUG_INFORMATION_FORMAT = "dwarf-with-dsym";
				ENABLE_NS_ASSERTIONS = NO;
				ENABLE_STRICT_OBJC_MSGSEND = YES;
				GCC_C_LANGUAGE_STANDARD = gnu99;
				GCC_NO_COMMON_BLOCKS = YES;
				GCC_WARN_64_TO_32_BIT_CONVERSION = YES;
				GCC_WARN_ABOUT_RETURN_TYPE = YES_ERROR;
				GCC_WARN_UNDECLARED_SELECTOR = YES;
				GCC_WARN_UNINITIALIZED_AUTOS = YES_AGGRESSIVE;
				GCC_WARN_UNUSED_FUNCTION = YES;
				GCC_WARN_UNUSED_VARIABLE = YES;
				IPHONEOS_DEPLOYMENT_TARGET = 9.3;
				MTL_ENABLE_DEBUG_INFO = NO;
				SDKROOT = iphoneos;
				VALIDATE_PRODUCT = YES;
			};
			name = Release;
		};
		7770C6331CC0C290008C5A6B /* Debug */ = {
			isa = XCBuildConfiguration;
			baseConfigurationReference = 31CF82C10F534108DCCC4EF0 /* Pods-TournamentBrackets.debug.xcconfig */;
			buildSettings = {
				ASSETCATALOG_COMPILER_APPICON_NAME = AppIcon;
				INFOPLIST_FILE = TournamentBrackets/Info.plist;
				LD_RUNPATH_SEARCH_PATHS = "$(inherited) @executable_path/Frameworks";
				PRODUCT_BUNDLE_IDENTIFIER = com.edgardoagno.socialtournament;
				PRODUCT_NAME = "$(TARGET_NAME)";
			};
			name = Debug;
		};
		7770C6341CC0C290008C5A6B /* Release */ = {
			isa = XCBuildConfiguration;
			baseConfigurationReference = 860DBBC33E38534A9B943713 /* Pods-TournamentBrackets.release.xcconfig */;
			buildSettings = {
				ASSETCATALOG_COMPILER_APPICON_NAME = AppIcon;
				INFOPLIST_FILE = TournamentBrackets/Info.plist;
				LD_RUNPATH_SEARCH_PATHS = "$(inherited) @executable_path/Frameworks";
				PRODUCT_BUNDLE_IDENTIFIER = com.edgardoagno.socialtournament;
				PRODUCT_NAME = "$(TARGET_NAME)";
			};
			name = Release;
		};
		7770C6361CC0C290008C5A6B /* Debug */ = {
			isa = XCBuildConfiguration;
			baseConfigurationReference = 9EF376B9C2066069F5623EC8 /* Pods-TournamentBracketsTests.debug.xcconfig */;
			buildSettings = {
				BUNDLE_LOADER = "$(TEST_HOST)";
				INFOPLIST_FILE = TournamentBracketsTests/Info.plist;
				LD_RUNPATH_SEARCH_PATHS = "$(inherited) @executable_path/Frameworks @loader_path/Frameworks";
				PRODUCT_BUNDLE_IDENTIFIER = com.edgardoagno.TournamentBracketsTests;
				PRODUCT_NAME = "$(TARGET_NAME)";
				TEST_HOST = "$(BUILT_PRODUCTS_DIR)/TournamentBrackets.app/TournamentBrackets";
			};
			name = Debug;
		};
		7770C6371CC0C290008C5A6B /* Release */ = {
			isa = XCBuildConfiguration;
			baseConfigurationReference = 7D95F1485BD2348DF3581512 /* Pods-TournamentBracketsTests.release.xcconfig */;
			buildSettings = {
				BUNDLE_LOADER = "$(TEST_HOST)";
				INFOPLIST_FILE = TournamentBracketsTests/Info.plist;
				LD_RUNPATH_SEARCH_PATHS = "$(inherited) @executable_path/Frameworks @loader_path/Frameworks";
				PRODUCT_BUNDLE_IDENTIFIER = com.edgardoagno.TournamentBracketsTests;
				PRODUCT_NAME = "$(TARGET_NAME)";
				TEST_HOST = "$(BUILT_PRODUCTS_DIR)/TournamentBrackets.app/TournamentBrackets";
			};
			name = Release;
		};
		7770C6391CC0C290008C5A6B /* Debug */ = {
			isa = XCBuildConfiguration;
			baseConfigurationReference = 250A9228646B05D20F9FFDD2 /* Pods-TournamentBracketsUITests.debug.xcconfig */;
			buildSettings = {
				INFOPLIST_FILE = TournamentBracketsUITests/Info.plist;
				LD_RUNPATH_SEARCH_PATHS = "$(inherited) @executable_path/Frameworks @loader_path/Frameworks";
				PRODUCT_BUNDLE_IDENTIFIER = com.edgardoagno.TournamentBracketsUITests;
				PRODUCT_NAME = "$(TARGET_NAME)";
				TEST_TARGET_NAME = TournamentBrackets;
			};
			name = Debug;
		};
		7770C63A1CC0C290008C5A6B /* Release */ = {
			isa = XCBuildConfiguration;
			baseConfigurationReference = B39217C89F97EC9E9513484E /* Pods-TournamentBracketsUITests.release.xcconfig */;
			buildSettings = {
				INFOPLIST_FILE = TournamentBracketsUITests/Info.plist;
				LD_RUNPATH_SEARCH_PATHS = "$(inherited) @executable_path/Frameworks @loader_path/Frameworks";
				PRODUCT_BUNDLE_IDENTIFIER = com.edgardoagno.TournamentBracketsUITests;
				PRODUCT_NAME = "$(TARGET_NAME)";
				TEST_TARGET_NAME = TournamentBrackets;
			};
			name = Release;
		};
/* End XCBuildConfiguration section */

/* Begin XCConfigurationList section */
		7770C6051CC0C28F008C5A6B /* Build configuration list for PBXProject "TournamentBrackets" */ = {
			isa = XCConfigurationList;
			buildConfigurations = (
				7770C6301CC0C290008C5A6B /* Debug */,
				7770C6311CC0C290008C5A6B /* Release */,
			);
			defaultConfigurationIsVisible = 0;
			defaultConfigurationName = Release;
		};
		7770C6321CC0C290008C5A6B /* Build configuration list for PBXNativeTarget "TournamentBrackets" */ = {
			isa = XCConfigurationList;
			buildConfigurations = (
				7770C6331CC0C290008C5A6B /* Debug */,
				7770C6341CC0C290008C5A6B /* Release */,
			);
			defaultConfigurationIsVisible = 0;
			defaultConfigurationName = Release;
		};
		7770C6351CC0C290008C5A6B /* Build configuration list for PBXNativeTarget "TournamentBracketsTests" */ = {
			isa = XCConfigurationList;
			buildConfigurations = (
				7770C6361CC0C290008C5A6B /* Debug */,
				7770C6371CC0C290008C5A6B /* Release */,
			);
			defaultConfigurationIsVisible = 0;
			defaultConfigurationName = Release;
		};
		7770C6381CC0C290008C5A6B /* Build configuration list for PBXNativeTarget "TournamentBracketsUITests" */ = {
			isa = XCConfigurationList;
			buildConfigurations = (
				7770C6391CC0C290008C5A6B /* Debug */,
				7770C63A1CC0C290008C5A6B /* Release */,
			);
			defaultConfigurationIsVisible = 0;
			defaultConfigurationName = Release;
		};
/* End XCConfigurationList section */
	};
	rootObject = 7770C6021CC0C28F008C5A6B /* Project object */;
}
