PODS:
  - AKPickerView (0.2.7)
  - Charts/Core (2.2.4)
  - Charts/Realm (2.2.4):
    - Charts/Core
    - RealmSwift (~> 0.97)
  - MBProgressHUD (0.9.2)
  - Nimble (4.0.1)
  - Quick (0.9.2)
  - Realm (0.100.0):
    - Realm/Headers (= 0.100.0)
  - Realm/Headers (0.100.0)
  - RealmSwift (0.100.0):
    - Realm (= 0.100.0)
  - RxBlocking (2.4):
    - RxSwift (~> 2.4)
  - RxCocoa (2.4):
    - RxSwift (~> 2.4)
  - RxDataSources (0.8):
    - RxCocoa (~> 2.2)
    - RxSwift (~> 2.2)
  - RxRealm (0.1.3):
    - RealmSwift (~> 0.99)
    - RxSwift
  - RxSwift (2.4)
  - UIColor+FlatColors (0.0.2)
  - VTAcknowledgementsViewController (0.17)

DEPENDENCIES:
  - AKPickerView
  - Charts/Realm
  - MBProgressHUD
  - Nimble
  - Quick
  - RealmSwift
  - RxBlocking
  - RxCocoa
  - RxDataSources
  - RxRealm
  - RxSwift
  - UIColor+FlatColors
  - VTAcknowledgementsViewController

SPEC CHECKSUMS:
  AKPickerView: 125372e36fcc372216127600a541f14dcdbb7993
  Charts: a9e735c83c6d376ade20f6612dcf0ba217394a49
  MBProgressHUD: 1569cf7ace17a8bac47aabfbb8580a49690386d1
  Nimble: 0f3c8b8b084cda391209c3c5efbb48bedeeb920a
  Quick: 18d057bc66451eedd5d1c8dc99ba2a5db6e60226
  Realm: b13b548e712d28a66678970c45cd245ebb94ba3b
  RealmSwift: 1bb0ba2ceaa06b65d740b4f91bfa06e3fd1b805c
  RxBlocking: 1226c1fa0ca1e0ca5f964d4330ca3649f2128680
  RxCocoa: 7d6cd877de99f5640306b3d6cf87f580c1d91b61
  RxDataSources: 8755a221c065930a75cf24020f6f2c63713c486e
  RxRealm: 6327a9d3cd0e0f89961c39c3813a2e9511e85f27
  RxSwift: 67b9ef4e8b34fb394e200e754c6a09cc16559f94
  UIColor+FlatColors: 6c699df7a575281794c688c64cee6c44fd1f93b4
  VTAcknowledgementsViewController: 6056f5f5e5ed995bbf0581bed6ddd29355ca9a80

COCOAPODS: 0.39.0
